
Microsoft Visual Studio Solution File, Format Version 12.00
# Visual Studio Version 17
VisualStudioVersion = 17.5.33516.290
MinimumVisualStudioVersion = 10.0.40219.1
Project("{9A19103F-16F7-4668-BE54-9A1E7A4F7556}") = "DIExample", "DIExample\DIExample.csproj", "{B2AB90CB-D204-43B2-A9C0-C2D7F8E98F1A}"
EndProject
Project("{9A19103F-16F7-4668-BE54-9A1E7A4F7556}") = "Services", "Services\Services.csproj", "{F7F956D0-07C5-457C-8522-5577FF4B9101}"
EndProject
Project("{FAE04EC0-301F-11D3-BF4B-00C04F79EFBC}") = "ServiceContracts", "ServiceContracts\ServiceContracts.csproj", "{E11119F5-FB6E-4D0C-9905-48F76D90E361}"
EndProject
Global
	GlobalSection(SolutionConfigurationPlatforms) = preSolution
		Debug|Any CPU = Debug|Any CPU
		Release|Any CPU = Release|Any CPU
	EndGlobalSection
	GlobalSection(ProjectConfigurationPlatforms) = postSolution
		{B2AB90CB-D204-43B2-A9C0-C2D7F8E98F1A}.Debug|Any CPU.ActiveCfg = Debug|Any CPU
		{B2AB90CB-D204-43B2-A9C0-C2D7F8E98F1A}.Debug|Any CPU.Build.0 = Debug|Any CPU
		{B2AB90CB-D204-43B2-A9C0-C2D7F8E98F1A}.Release|Any CPU.ActiveCfg = Release|Any CPU
		{B2AB90CB-D204-43B2-A9C0-C2D7F8E98F1A}.Release|Any CPU.Build.0 = Release|Any CPU
		{F7F956D0-07C5-457C-8522-5577FF4B9101}.Debug|Any CPU.ActiveCfg = Debug|Any CPU
		{F7F956D0-07C5-457C-8522-5577FF4B9101}.Debug|Any CPU.Build.0 = Debug|Any CPU
		{F7F956D0-07C5-457C-8522-5577FF4B9101}.Release|Any CPU.ActiveCfg = Release|Any CPU
		{F7F956D0-07C5-457C-8522-5577FF4B9101}.Release|Any CPU.Build.0 = Release|Any CPU
		{E11119F5-FB6E-4D0C-9905-48F76D90E361}.Debug|Any CPU.ActiveCfg = Debug|Any CPU
		{E11119F5-FB6E-4D0C-9905-48F76D90E361}.Debug|Any CPU.Build.0 = Debug|Any CPU
		{E11119F5-FB6E-4D0C-9905-48F76D90E361}.Release|Any CPU.ActiveCfg = Release|Any CPU
		{E11119F5-FB6E-4D0C-9905-48F76D90E361}.Release|Any CPU.Build.0 = Release|Any CPU
	EndGlobalSection
	GlobalSection(SolutionProperties) = preSolution
		HideSolutionNode = FALSE
	EndGlobalSection
	GlobalSection(ExtensibilityGlobals) = postSolution
		SolutionGuid = {9A572FA5-D108-4FE3-9CC6-40D4DEEEF483}
	EndGlobalSection
EndGlobal
